
Microsoft Visual Studio Solution File, Format Version 12.00
# Visual Studio Version 17
VisualStudioVersion = 17.0.32014.148
MinimumVisualStudioVersion = 10.0.40219.1
Project("{9092AA53-FB77-4645-B42D-1CCCA6BD08BD}") = "NodeApp", "NodeApp.njsproj", "{DA630F89-4A66-405E-BE0D-2652294FDC2E}"
EndProject
Global
	GlobalSection(SolutionConfigurationPlatforms) = preSolution
		Debug|Any CPU = Debug|Any CPU
		Release|Any CPU = Release|Any CPU
	EndGlobalSection
	GlobalSection(ProjectConfigurationPlatforms) = postSolution
		{DA630F89-4A66-405E-BE0D-2652294FDC2E}.Debug|Any CPU.ActiveCfg = Debug|Any CPU
		{DA630F89-4A66-405E-BE0D-2652294FDC2E}.Debug|Any CPU.Build.0 = Debug|Any CPU
		{DA630F89-4A66-405E-BE0D-2652294FDC2E}.Release|Any CPU.ActiveCfg = Release|Any CPU
		{DA630F89-4A66-405E-BE0D-2652294FDC2E}.Release|Any CPU.Build.0 = Release|Any CPU
	EndGlobalSection
	GlobalSection(SolutionProperties) = preSolution
		HideSolutionNode = FALSE
	EndGlobalSection
	GlobalSection(ExtensibilityGlobals) = postSolution
		SolutionGuid = {9C1D7434-B843-4FEF-8F22-709EBA354D85}
	EndGlobalSection
EndGlobal
